// !$*UTF8*$!
{
	archiveVersion = 1;
	classes = {
	};
	objectVersion = 46;
	objects = {

/* Begin PBXBuildFile section */
		111F1BD41A52F241008BE66E /* Foundation.framework in Frameworks */ = {isa = PBXBuildFile; fileRef = 111F1BD31A52F241008BE66E /* Foundation.framework */; };
		111F1BD61A52F241008BE66E /* CoreGraphics.framework in Frameworks */ = {isa = PBXBuildFile; fileRef = 111F1BD51A52F241008BE66E /* CoreGraphics.framework */; };
		111F1BD81A52F241008BE66E /* UIKit.framework in Frameworks */ = {isa = PBXBuildFile; fileRef = 111F1BD71A52F241008BE66E /* UIKit.framework */; };
		111F1BDE1A52F241008BE66E /* InfoPlist.strings in Resources */ = {isa = PBXBuildFile; fileRef = 111F1BDC1A52F241008BE66E /* InfoPlist.strings */; };
		111F1BE01A52F241008BE66E /* main.m in Sources */ = {isa = PBXBuildFile; fileRef = 111F1BDF1A52F241008BE66E /* main.m */; };
		111F1BE41A52F241008BE66E /* XZZAppDelegate.m in Sources */ = {isa = PBXBuildFile; fileRef = 111F1BE31A52F241008BE66E /* XZZAppDelegate.m */; };
		111F1BE71A52F241008BE66E /* Main_iPhone.storyboard in Resources */ = {isa = PBXBuildFile; fileRef = 111F1BE51A52F241008BE66E /* Main_iPhone.storyboard */; };
		111F1BEA1A52F241008BE66E /* Main_iPad.storyboard in Resources */ = {isa = PBXBuildFile; fileRef = 111F1BE81A52F241008BE66E /* Main_iPad.storyboard */; };
		111F1BED1A52F241008BE66E /* XZZViewController.m in Sources */ = {isa = PBXBuildFile; fileRef = 111F1BEC1A52F241008BE66E /* XZZViewController.m */; };
		111F1BEF1A52F241008BE66E /* Images.xcassets in Resources */ = {isa = PBXBuildFile; fileRef = 111F1BEE1A52F241008BE66E /* Images.xcassets */; };
		111F1BF61A52F241008BE66E /* XCTest.framework in Frameworks */ = {isa = PBXBuildFile; fileRef = 111F1BF51A52F241008BE66E /* XCTest.framework */; };
		111F1BF71A52F241008BE66E /* Foundation.framework in Frameworks */ = {isa = PBXBuildFile; fileRef = 111F1BD31A52F241008BE66E /* Foundation.framework */; };
		111F1BF81A52F241008BE66E /* UIKit.framework in Frameworks */ = {isa = PBXBuildFile; fileRef = 111F1BD71A52F241008BE66E /* UIKit.framework */; };
		111F1C001A52F241008BE66E /* InfoPlist.strings in Resources */ = {isa = PBXBuildFile; fileRef = 111F1BFE1A52F241008BE66E /* InfoPlist.strings */; };
		111F1C021A52F241008BE66E /* Race_to_the_TopTests.m in Sources */ = {isa = PBXBuildFile; fileRef = 111F1C011A52F241008BE66E /* Race_to_the_TopTests.m */; };
/* End PBXBuildFile section */

/* Begin PBXContainerItemProxy section */
		111F1BF91A52F241008BE66E /* PBXContainerItemProxy */ = {
			isa = PBXContainerItemProxy;
			containerPortal = 111F1BC81A52F241008BE66E /* Project object */;
			proxyType = 1;
			remoteGlobalIDString = 111F1BCF1A52F241008BE66E;
			remoteInfo = "Race to the Top";
		};
/* End PBXContainerItemProxy section */

/* Begin PBXFileReference section */
		111F1BD01A52F241008BE66E /* Race to the Top.app */ = {isa = PBXFileReference; explicitFileType = wrapper.application; includeInIndex = 0; path = "Race to the Top.app"; sourceTree = BUILT_PRODUCTS_DIR; };
		111F1BD31A52F241008BE66E /* Foundation.framework */ = {isa = PBXFileReference; lastKnownFileType = wrapper.framework; name = Foundation.framework; path = System/Library/Frameworks/Foundation.framework; sourceTree = SDKROOT; };
		111F1BD51A52F241008BE66E /* CoreGraphics.framework */ = {isa = PBXFileReference; lastKnownFileType = wrapper.framework; name = CoreGraphics.framework; path = System/Library/Frameworks/CoreGraphics.framework; sourceTree = SDKROOT; };
		111F1BD71A52F241008BE66E /* UIKit.framework */ = {isa = PBXFileReference; lastKnownFileType = wrapper.framework; name = UIKit.framework; path = System/Library/Frameworks/UIKit.framework; sourceTree = SDKROOT; };
		111F1BDB1A52F241008BE66E /* Race to the Top-Info.plist */ = {isa = PBXFileReference; lastKnownFileType = text.plist.xml; path = "Race to the Top-Info.plist"; sourceTree = "<group>"; };
		111F1BDD1A52F241008BE66E /* en */ = {isa = PBXFileReference; lastKnownFileType = text.plist.strings; name = en; path = en.lproj/InfoPlist.strings; sourceTree = "<group>"; };
		111F1BDF1A52F241008BE66E /* main.m */ = {isa = PBXFileReference; lastKnownFileType = sourcecode.c.objc; path = main.m; sourceTree = "<group>"; };
		111F1BE11A52F241008BE66E /* Race to the Top-Prefix.pch */ = {isa = PBXFileReference; lastKnownFileType = sourcecode.c.h; path = "Race to the Top-Prefix.pch"; sourceTree = "<group>"; };
		111F1BE21A52F241008BE66E /* XZZAppDelegate.h */ = {isa = PBXFileReference; lastKnownFileType = sourcecode.c.h; path = XZZAppDelegate.h; sourceTree = "<group>"; };
		111F1BE31A52F241008BE66E /* XZZAppDelegate.m */ = {isa = PBXFileReference; lastKnownFileType = sourcecode.c.objc; path = XZZAppDelegate.m; sourceTree = "<group>"; };
		111F1BE61A52F241008BE66E /* Base */ = {isa = PBXFileReference; lastKnownFileType = file.storyboard; name = Base; path = Base.lproj/Main_iPhone.storyboard; sourceTree = "<group>"; };
		111F1BE91A52F241008BE66E /* Base */ = {isa = PBXFileReference; lastKnownFileType = file.storyboard; name = Base; path = Base.lproj/Main_iPad.storyboard; sourceTree = "<group>"; };
		111F1BEB1A52F241008BE66E /* XZZViewController.h */ = {isa = PBXFileReference; lastKnownFileType = sourcecode.c.h; path = XZZViewController.h; sourceTree = "<group>"; };
		111F1BEC1A52F241008BE66E /* XZZViewController.m */ = {isa = PBXFileReference; lastKnownFileType = sourcecode.c.objc; path = XZZViewController.m; sourceTree = "<group>"; };
		111F1BEE1A52F241008BE66E /* Images.xcassets */ = {isa = PBXFileReference; lastKnownFileType = folder.assetcatalog; path = Images.xcassets; sourceTree = "<group>"; };
		111F1BF41A52F241008BE66E /* Race to the TopTests.xctest */ = {isa = PBXFileReference; explicitFileType = wrapper.cfbundle; includeInIndex = 0; path = "Race to the TopTests.xctest"; sourceTree = BUILT_PRODUCTS_DIR; };
		111F1BF51A52F241008BE66E /* XCTest.framework */ = {isa = PBXFileReference; lastKnownFileType = wrapper.framework; name = XCTest.framework; path = Library/Frameworks/XCTest.framework; sourceTree = DEVELOPER_DIR; };
		111F1BFD1A52F241008BE66E /* Race to the TopTests-Info.plist */ = {isa = PBXFileReference; lastKnownFileType = text.plist.xml; path = "Race to the TopTests-Info.plist"; sourceTree = "<group>"; };
		111F1BFF1A52F241008BE66E /* en */ = {isa = PBXFileReference; lastKnownFileType = text.plist.strings; name = en; path = en.lproj/InfoPlist.strings; sourceTree = "<group>"; };
		111F1C011A52F241008BE66E /* Race_to_the_TopTests.m */ = {isa = PBXFileReference; lastKnownFileType = sourcecode.c.objc; path = Race_to_the_TopTests.m; sourceTree = "<group>"; };
/* End PBXFileReference section */

/* Begin PBXFrameworksBuildPhase section */
		111F1BCD1A52F241008BE66E /* Frameworks */ = {
			isa = PBXFrameworksBuildPhase;
			buildActionMask = 2147483647;
			files = (
				111F1BD61A52F241008BE66E /* CoreGraphics.framework in Frameworks */,
				111F1BD81A52F241008BE66E /* UIKit.framework in Frameworks */,
				111F1BD41A52F241008BE66E /* Foundation.framework in Frameworks */,
			);
			runOnlyForDeploymentPostprocessing = 0;
		};
		111F1BF11A52F241008BE66E /* Frameworks */ = {
			isa = PBXFrameworksBuildPhase;
			buildActionMask = 2147483647;
			files = (
				111F1BF61A52F241008BE66E /* XCTest.framework in Frameworks */,
				111F1BF81A52F241008BE66E /* UIKit.framework in Frameworks */,
				111F1BF71A52F241008BE66E /* Foundation.framework in Frameworks */,
			);
			runOnlyForDeploymentPostprocessing = 0;
		};
/* End PBXFrameworksBuildPhase section */

/* Begin PBXGroup section */
		111F1BC71A52F241008BE66E = {
			isa = PBXGroup;
			children = (
				111F1BD91A52F241008BE66E /* Race to the Top */,
				111F1BFB1A52F241008BE66E /* Race to the TopTests */,
				111F1BD21A52F241008BE66E /* Frameworks */,
				111F1BD11A52F241008BE66E /* Products */,
			);
			sourceTree = "<group>";
		};
		111F1BD11A52F241008BE66E /* Products */ = {
			isa = PBXGroup;
			children = (
				111F1BD01A52F241008BE66E /* Race to the Top.app */,
				111F1BF41A52F241008BE66E /* Race to the TopTests.xctest */,
			);
			name = Products;
			sourceTree = "<group>";
		};
		111F1BD21A52F241008BE66E /* Frameworks */ = {
			isa = PBXGroup;
			children = (
				111F1BD31A52F241008BE66E /* Foundation.framework */,
				111F1BD51A52F241008BE66E /* CoreGraphics.framework */,
				111F1BD71A52F241008BE66E /* UIKit.framework */,
				111F1BF51A52F241008BE66E /* XCTest.framework */,
			);
			name = Frameworks;
			sourceTree = "<group>";
		};
		111F1BD91A52F241008BE66E /* Race to the Top */ = {
			isa = PBXGroup;
			children = (
				111F1BE21A52F241008BE66E /* XZZAppDelegate.h */,
				111F1BE31A52F241008BE66E /* XZZAppDelegate.m */,
				111F1BE51A52F241008BE66E /* Main_iPhone.storyboard */,
				111F1BE81A52F241008BE66E /* Main_iPad.storyboard */,
				111F1BEB1A52F241008BE66E /* XZZViewController.h */,
				111F1BEC1A52F241008BE66E /* XZZViewController.m */,
				111F1BEE1A52F241008BE66E /* Images.xcassets */,
				111F1BDA1A52F241008BE66E /* Supporting Files */,
			);
			path = "Race to the Top";
			sourceTree = "<group>";
		};
		111F1BDA1A52F241008BE66E /* Supporting Files */ = {
			isa = PBXGroup;
			children = (
				111F1BDB1A52F241008BE66E /* Race to the Top-Info.plist */,
				111F1BDC1A52F241008BE66E /* InfoPlist.strings */,
				111F1BDF1A52F241008BE66E /* main.m */,
				111F1BE11A52F241008BE66E /* Race to the Top-Prefix.pch */,
			);
			name = "Supporting Files";
			sourceTree = "<group>";
		};
		111F1BFB1A52F241008BE66E /* Race to the TopTests */ = {
			isa = PBXGroup;
			children = (
				111F1C011A52F241008BE66E /* Race_to_the_TopTests.m */,
				111F1BFC1A52F241008BE66E /* Supporting Files */,
			);
			path = "Race to the TopTests";
			sourceTree = "<group>";
		};
		111F1BFC1A52F241008BE66E /* Supporting Files */ = {
			isa = PBXGroup;
			children = (
				111F1BFD1A52F241008BE66E /* Race to the TopTests-Info.plist */,
				111F1BFE1A52F241008BE66E /* InfoPlist.strings */,
			);
			name = "Supporting Files";
			sourceTree = "<group>";
		};
/* End PBXGroup section */

/* Begin PBXNativeTarget section */
		111F1BCF1A52F241008BE66E /* Race to the Top */ = {
			isa = PBXNativeTarget;
			buildConfigurationList = 111F1C051A52F241008BE66E /* Build configuration list for PBXNativeTarget "Race to the Top" */;
			buildPhases = (
				111F1BCC1A52F241008BE66E /* Sources */,
				111F1BCD1A52F241008BE66E /* Frameworks */,
				111F1BCE1A52F241008BE66E /* Resources */,
			);
			buildRules = (
			);
			dependencies = (
			);
			name = "Race to the Top";
			productName = "Race to the Top";
			productReference = 111F1BD01A52F241008BE66E /* Race to the Top.app */;
			productType = "com.apple.product-type.application";
		};
		111F1BF31A52F241008BE66E /* Race to the TopTests */ = {
			isa = PBXNativeTarget;
			buildConfigurationList = 111F1C081A52F241008BE66E /* Build configuration list for PBXNativeTarget "Race to the TopTests" */;
			buildPhases = (
				111F1BF01A52F241008BE66E /* Sources */,
				111F1BF11A52F241008BE66E /* Frameworks */,
				111F1BF21A52F241008BE66E /* Resources */,
			);
			buildRules = (
			);
			dependencies = (
				111F1BFA1A52F241008BE66E /* PBXTargetDependency */,
			);
			name = "Race to the TopTests";
			productName = "Race to the TopTests";
			productReference = 111F1BF41A52F241008BE66E /* Race to the TopTests.xctest */;
			productType = "com.apple.product-type.bundle.unit-test";
		};
/* End PBXNativeTarget section */

/* Begin PBXProject section */
		111F1BC81A52F241008BE66E /* Project object */ = {
			isa = PBXProject;
			attributes = {
				CLASSPREFIX = XZZ;
				LastUpgradeCheck = 0510;
				ORGANIZATIONNAME = 1st1k;
				TargetAttributes = {
					111F1BF31A52F241008BE66E = {
						TestTargetID = 111F1BCF1A52F241008BE66E;
					};
				};
			};
			buildConfigurationList = 111F1BCB1A52F241008BE66E /* Build configuration list for PBXProject "Race to the Top" */;
			compatibilityVersion = "Xcode 3.2";
			developmentRegion = English;
			hasScannedForEncodings = 0;
			knownRegions = (
				en,
				Base,
			);
			mainGroup = 111F1BC71A52F241008BE66E;
			productRefGroup = 111F1BD11A52F241008BE66E /* Products */;
			projectDirPath = "";
			projectRoot = "";
			targets = (
				111F1BCF1A52F241008BE66E /* Race to the Top */,
				111F1BF31A52F241008BE66E /* Race to the TopTests */,
			);
		};
/* End PBXProject section */

/* Begin PBXResourcesBuildPhase section */
		111F1BCE1A52F241008BE66E /* Resources */ = {
			isa = PBXResourcesBuildPhase;
			buildActionMask = 2147483647;
			files = (
				111F1BEA1A52F241008BE66E /* Main_iPad.storyboard in Resources */,
				111F1BEF1A52F241008BE66E /* Images.xcassets in Resources */,
				111F1BE71A52F241008BE66E /* Main_iPhone.storyboard in Resources */,
				111F1BDE1A52F241008BE66E /* InfoPlist.strings in Resources */,
			);
			runOnlyForDeploymentPostprocessing = 0;
		};
		111F1BF21A52F241008BE66E /* Resources */ = {
			isa = PBXResourcesBuildPhase;
			buildActionMask = 2147483647;
			files = (
				111F1C001A52F241008BE66E /* InfoPlist.strings in Resources */,
			);
			runOnlyForDeploymentPostprocessing = 0;
		};
/* End PBXResourcesBuildPhase section */

/* Begin PBXSourcesBuildPhase section */
		111F1BCC1A52F241008BE66E /* Sources */ = {
			isa = PBXSourcesBuildPhase;
			buildActionMask = 2147483647;
			files = (
				111F1BE01A52F241008BE66E /* main.m in Sources */,
				111F1BE41A52F241008BE66E /* XZZAppDelegate.m in Sources */,
				111F1BED1A52F241008BE66E /* XZZViewController.m in Sources */,
			);
			runOnlyForDeploymentPostprocessing = 0;
		};
		111F1BF01A52F241008BE66E /* Sources */ = {
			isa = PBXSourcesBuildPhase;
			buildActionMask = 2147483647;
			files = (
				111F1C021A52F241008BE66E /* Race_to_the_TopTests.m in Sources */,
			);
			runOnlyForDeploymentPostprocessing = 0;
		};
/* End PBXSourcesBuildPhase section */

/* Begin PBXTargetDependency section */
		111F1BFA1A52F241008BE66E /* PBXTargetDependency */ = {
			isa = PBXTargetDependency;
			target = 111F1BCF1A52F241008BE66E /* Race to the Top */;
			targetProxy = 111F1BF91A52F241008BE66E /* PBXContainerItemProxy */;
		};
/* End PBXTargetDependency section */

/* Begin PBXVariantGroup section */
		111F1BDC1A52F241008BE66E /* InfoPlist.strings */ = {
			isa = PBXVariantGroup;
			children = (
				111F1BDD1A52F241008BE66E /* en */,
			);
			name = InfoPlist.strings;
			sourceTree = "<group>";
		};
		111F1BE51A52F241008BE66E /* Main_iPhone.storyboard */ = {
			isa = PBXVariantGroup;
			children = (
				111F1BE61A52F241008BE66E /* Base */,
			);
			name = Main_iPhone.storyboard;
			sourceTree = "<group>";
		};
		111F1BE81A52F241008BE66E /* Main_iPad.storyboard */ = {
			isa = PBXVariantGroup;
			children = (
				111F1BE91A52F241008BE66E /* Base */,
			);
			name = Main_iPad.storyboard;
			sourceTree = "<group>";
		};
		111F1BFE1A52F241008BE66E /* InfoPlist.strings */ = {
			isa = PBXVariantGroup;
			children = (
				111F1BFF1A52F241008BE66E /* en */,
			);
			name = InfoPlist.strings;
			sourceTree = "<group>";
		};
/* End PBXVariantGroup section */

/* Begin XCBuildConfiguration section */
		111F1C031A52F241008BE66E /* Debug */ = {
			isa = XCBuildConfiguration;
			buildSettings = {
				ALWAYS_SEARCH_USER_PATHS = NO;
				CLANG_CXX_LANGUAGE_STANDARD = "gnu++0x";
				CLANG_CXX_LIBRARY = "libc++";
				CLANG_ENABLE_MODULES = YES;
				CLANG_ENABLE_OBJC_ARC = YES;
				CLANG_WARN_BOOL_CONVERSION = YES;
				CLANG_WARN_CONSTANT_CONVERSION = YES;
				CLANG_WARN_DIRECT_OBJC_ISA_USAGE = YES_ERROR;
				CLANG_WARN_EMPTY_BODY = YES;
				CLANG_WARN_ENUM_CONVERSION = YES;
				CLANG_WARN_INT_CONVERSION = YES;
				CLANG_WARN_OBJC_ROOT_CLASS = YES_ERROR;
				CLANG_WARN__DUPLICATE_METHOD_MATCH = YES;
				"CODE_SIGN_IDENTITY[sdk=iphoneos*]" = "iPhone Developer";
				COPY_PHASE_STRIP = NO;
				GCC_C_LANGUAGE_STANDARD = gnu99;
				GCC_DYNAMIC_NO_PIC = NO;
				GCC_OPTIMIZATION_LEVEL = 0;
				GCC_PREPROCESSOR_DEFINITIONS = (
					"DEBUG=1",
					"$(inherited)",
				);
				GCC_SYMBOLS_PRIVATE_EXTERN = NO;
				GCC_WARN_64_TO_32_BIT_CONVERSION = YES;
				GCC_WARN_ABOUT_RETURN_TYPE = YES_ERROR;
				GCC_WARN_UNDECLARED_SELECTOR = YES;
				GCC_WARN_UNINITIALIZED_AUTOS = YES_AGGRESSIVE;
				GCC_WARN_UNUSED_FUNCTION = YES;
				GCC_WARN_UNUSED_VARIABLE = YES;
				IPHONEOS_DEPLOYMENT_TARGET = 7.1;
				ONLY_ACTIVE_ARCH = YES;
				SDKROOT = iphoneos;
				TARGETED_DEVICE_FAMILY = "1,2";
			};
			name = Debug;
		};
		111F1C041A52F241008BE66E /* Release */ = {
			isa = XCBuildConfiguration;
			buildSettings = {
				ALWAYS_SEARCH_USER_PATHS = NO;
				CLANG_CXX_LANGUAGE_STANDARD = "gnu++0x";
				CLANG_CXX_LIBRARY = "libc++";
				CLANG_ENABLE_MODULES = YES;
				CLANG_ENABLE_OBJC_ARC = YES;
				CLANG_WARN_BOOL_CONVERSION = YES;
				CLANG_WARN_CONSTANT_CONVERSION = YES;
				CLANG_WARN_DIRECT_OBJC_ISA_USAGE = YES_ERROR;
				CLANG_WARN_EMPTY_BODY = YES;
				CLANG_WARN_ENUM_CONVERSION = YES;
				CLANG_WARN_INT_CONVERSION = YES;
				CLANG_WARN_OBJC_ROOT_CLASS = YES_ERROR;
				CLANG_WARN__DUPLICATE_METHOD_MATCH = YES;
				"CODE_SIGN_IDENTITY[sdk=iphoneos*]" = "iPhone Developer";
				COPY_PHASE_STRIP = YES;
				ENABLE_NS_ASSERTIONS = NO;
				GCC_C_LANGUAGE_STANDARD = gnu99;
				GCC_WARN_64_TO_32_BIT_CONVERSION = YES;
				GCC_WARN_ABOUT_RETURN_TYPE = YES_ERROR;
				GCC_WARN_UNDECLARED_SELECTOR = YES;
				GCC_WARN_UNINITIALIZED_AUTOS = YES_AGGRESSIVE;
				GCC_WARN_UNUSED_FUNCTION = YES;
				GCC_WARN_UNUSED_VARIABLE = YES;
				IPHONEOS_DEPLOYMENT_TARGET = 7.1;
				SDKROOT = iphoneos;
				TARGETED_DEVICE_FAMILY = "1,2";
				VALIDATE_PRODUCT = YES;
			};
			name = Release;
		};
		111F1C061A52F241008BE66E /* Debug */ = {
			isa = XCBuildConfiguration;
			buildSettings = {
				ASSETCATALOG_COMPILER_APPICON_NAME = AppIcon;
				ASSETCATALOG_COMPILER_LAUNCHIMAGE_NAME = LaunchImage;
				GCC_PRECOMPILE_PREFIX_HEADER = YES;
				GCC_PREFIX_HEADER = "Race to the Top/Race to the Top-Prefix.pch";
				INFOPLIST_FILE = "Race to the Top/Race to the Top-Info.plist";
				PRODUCT_NAME = "$(TARGET_NAME)";
				WRAPPER_EXTENSION = app;
			};
			name = Debug;
		};
		111F1C071A52F241008BE66E /* Release */ = {
			isa = XCBuildConfiguration;
			buildSettings = {
				ASSETCATALOG_COMPILER_APPICON_NAME = AppIcon;
				ASSETCATALOG_COMPILER_LAUNCHIMAGE_NAME = LaunchImage;
				GCC_PRECOMPILE_PREFIX_HEADER = YES;
				GCC_PREFIX_HEADER = "Race to the Top/Race to the Top-Prefix.pch";
				INFOPLIST_FILE = "Race to the Top/Race to the Top-Info.plist";
				PRODUCT_NAME = "$(TARGET_NAME)";
				WRAPPER_EXTENSION = app;
			};
			name = Release;
		};
		111F1C091A52F241008BE66E /* Debug */ = {
			isa = XCBuildConfiguration;
			buildSettings = {
				BUNDLE_LOADER = "$(BUILT_PRODUCTS_DIR)/Race to the Top.app/Race to the Top";
				FRAMEWORK_SEARCH_PATHS = (
					"$(SDKROOT)/Developer/Library/Frameworks",
					"$(inherited)",
					"$(DEVELOPER_FRAMEWORKS_DIR)",
				);
				GCC_PRECOMPILE_PREFIX_HEADER = YES;
				GCC_PREFIX_HEADER = "Race to the Top/Race to the Top-Prefix.pch";
				GCC_PREPROCESSOR_DEFINITIONS = (
					"DEBUG=1",
					"$(inherited)",
				);
				INFOPLIST_FILE = "Race to the TopTests/Race to the TopTests-Info.plist";
				PRODUCT_NAME = "$(TARGET_NAME)";
				TEST_HOST = "$(BUNDLE_LOADER)";
				WRAPPER_EXTENSION = xctest;
			};
			name = Debug;
		};
		111F1C0A1A52F241008BE66E /* Release */ = {
			isa = XCBuildConfiguration;
			buildSettings = {
				BUNDLE_LOADER = "$(BUILT_PRODUCTS_DIR)/Race to the Top.app/Race to the Top";
				FRAMEWORK_SEARCH_PATHS = (
					"$(SDKROOT)/Developer/Library/Frameworks",
					"$(inherited)",
					"$(DEVELOPER_FRAMEWORKS_DIR)",
				);
				GCC_PRECOMPILE_PREFIX_HEADER = YES;
				GCC_PREFIX_HEADER = "Race to the Top/Race to the Top-Prefix.pch";
				INFOPLIST_FILE = "Race to the TopTests/Race to the TopTests-Info.plist";
				PRODUCT_NAME = "$(TARGET_NAME)";
				TEST_HOST = "$(BUNDLE_LOADER)";
				WRAPPER_EXTENSION = xctest;
			};
			name = Release;
		};
/* End XCBuildConfiguration section */

/* Begin XCConfigurationList section */
		111F1BCB1A52F241008BE66E /* Build configuration list for PBXProject "Race to the Top" */ = {
			isa = XCConfigurationList;
			buildConfigurations = (
				111F1C031A52F241008BE66E /* Debug */,
				111F1C041A52F241008BE66E /* Release */,
			);
			defaultConfigurationIsVisible = 0;
			defaultConfigurationName = Release;
		};
		111F1C051A52F241008BE66E /* Build configuration list for PBXNativeTarget "Race to the Top" */ = {
			isa = XCConfigurationList;
			buildConfigurations = (
				111F1C061A52F241008BE66E /* Debug */,
				111F1C071A52F241008BE66E /* Release */,
			);
			defaultConfigurationIsVisible = 0;
		};
		111F1C081A52F241008BE66E /* Build configuration list for PBXNativeTarget "Race to the TopTests" */ = {
			isa = XCConfigurationList;
			buildConfigurations = (
				111F1C091A52F241008BE66E /* Debug */,
				111F1C0A1A52F241008BE66E /* Release */,
			);
			defaultConfigurationIsVisible = 0;
		};
/* End XCConfigurationList section */
	};
	rootObject = 111F1BC81A52F241008BE66E /* Project object */;
}
